// !$*UTF8*$!
{
	archiveVersion = 1;
	classes = {
	};
	objectVersion = 50;
	objects = {

/* Begin PBXBuildFile section */
		FCA925B8235A0CE4006BBABC /* AppDelegate.swift in Sources */ = {isa = PBXBuildFile; fileRef = FCA925B7235A0CE4006BBABC /* AppDelegate.swift */; };
		FCA925BA235A0CE4006BBABC /* SceneDelegate.swift in Sources */ = {isa = PBXBuildFile; fileRef = FCA925B9235A0CE4006BBABC /* SceneDelegate.swift */; };
		FCA925BF235A0CE4006BBABC /* Main.storyboard in Resources */ = {isa = PBXBuildFile; fileRef = FCA925BD235A0CE4006BBABC /* Main.storyboard */; };
		FCA925C1235A0CEB006BBABC /* Assets.xcassets in Resources */ = {isa = PBXBuildFile; fileRef = FCA925C0235A0CEB006BBABC /* Assets.xcassets */; };
		FCA925C4235A0CEB006BBABC /* LaunchScreen.storyboard in Resources */ = {isa = PBXBuildFile; fileRef = FCA925C2235A0CEB006BBABC /* LaunchScreen.storyboard */; };
		FCA925CE235A0D02006BBABC /* CloudKit.framework in Frameworks */ = {isa = PBXBuildFile; fileRef = FCA925CD235A0D02006BBABC /* CloudKit.framework */; };
		FCA925D4235A0DF8006BBABC /* Contact.swift in Sources */ = {isa = PBXBuildFile; fileRef = FCA925D3235A0DF8006BBABC /* Contact.swift */; };
		FCA925D6235A0F72006BBABC /* CKRecordExtension.swift in Sources */ = {isa = PBXBuildFile; fileRef = FCA925D5235A0F72006BBABC /* CKRecordExtension.swift */; };
		FCA925D9235A11AD006BBABC /* ContactController.swift in Sources */ = {isa = PBXBuildFile; fileRef = FCA925D8235A11AD006BBABC /* ContactController.swift */; };
		FCA925DC235A168A006BBABC /* ContactListTableViewController.swift in Sources */ = {isa = PBXBuildFile; fileRef = FCA925DB235A168A006BBABC /* ContactListTableViewController.swift */; };
		FCA925DE235A17EF006BBABC /* ContactDetailViewController.swift in Sources */ = {isa = PBXBuildFile; fileRef = FCA925DD235A17EF006BBABC /* ContactDetailViewController.swift */; };
/* End PBXBuildFile section */

/* Begin PBXFileReference section */
		FCA925B4235A0CE4006BBABC /* Contacts.app */ = {isa = PBXFileReference; explicitFileType = wrapper.application; includeInIndex = 0; path = Contacts.app; sourceTree = BUILT_PRODUCTS_DIR; };
		FCA925B7235A0CE4006BBABC /* AppDelegate.swift */ = {isa = PBXFileReference; lastKnownFileType = sourcecode.swift; path = AppDelegate.swift; sourceTree = "<group>"; };
		FCA925B9235A0CE4006BBABC /* SceneDelegate.swift */ = {isa = PBXFileReference; lastKnownFileType = sourcecode.swift; path = SceneDelegate.swift; sourceTree = "<group>"; };
		FCA925BE235A0CE4006BBABC /* Base */ = {isa = PBXFileReference; lastKnownFileType = file.storyboard; name = Base; path = Base.lproj/Main.storyboard; sourceTree = "<group>"; };
		FCA925C0235A0CEB006BBABC /* Assets.xcassets */ = {isa = PBXFileReference; lastKnownFileType = folder.assetcatalog; path = Assets.xcassets; sourceTree = "<group>"; };
		FCA925C3235A0CEB006BBABC /* Base */ = {isa = PBXFileReference; lastKnownFileType = file.storyboard; name = Base; path = Base.lproj/LaunchScreen.storyboard; sourceTree = "<group>"; };
		FCA925C5235A0CEB006BBABC /* Info.plist */ = {isa = PBXFileReference; lastKnownFileType = text.plist.xml; path = Info.plist; sourceTree = "<group>"; };
		FCA925CB235A0CFE006BBABC /* Contacts.entitlements */ = {isa = PBXFileReference; lastKnownFileType = text.plist.entitlements; path = Contacts.entitlements; sourceTree = "<group>"; };
		FCA925CD235A0D02006BBABC /* CloudKit.framework */ = {isa = PBXFileReference; lastKnownFileType = wrapper.framework; name = CloudKit.framework; path = System/Library/Frameworks/CloudKit.framework; sourceTree = SDKROOT; };
		FCA925D3235A0DF8006BBABC /* Contact.swift */ = {isa = PBXFileReference; lastKnownFileType = sourcecode.swift; path = Contact.swift; sourceTree = "<group>"; };
		FCA925D5235A0F72006BBABC /* CKRecordExtension.swift */ = {isa = PBXFileReference; lastKnownFileType = sourcecode.swift; path = CKRecordExtension.swift; sourceTree = "<group>"; };
		FCA925D8235A11AD006BBABC /* ContactController.swift */ = {isa = PBXFileReference; lastKnownFileType = sourcecode.swift; path = ContactController.swift; sourceTree = "<group>"; };
		FCA925DB235A168A006BBABC /* ContactListTableViewController.swift */ = {isa = PBXFileReference; lastKnownFileType = sourcecode.swift; path = ContactListTableViewController.swift; sourceTree = "<group>"; };
		FCA925DD235A17EF006BBABC /* ContactDetailViewController.swift */ = {isa = PBXFileReference; lastKnownFileType = sourcecode.swift; path = ContactDetailViewController.swift; sourceTree = "<group>"; };
/* End PBXFileReference section */

/* Begin PBXFrameworksBuildPhase section */
		FCA925B1235A0CE4006BBABC /* Frameworks */ = {
			isa = PBXFrameworksBuildPhase;
			buildActionMask = 2147483647;
			files = (
				FCA925CE235A0D02006BBABC /* CloudKit.framework in Frameworks */,
			);
			runOnlyForDeploymentPostprocessing = 0;
		};
/* End PBXFrameworksBuildPhase section */

/* Begin PBXGroup section */
		FCA925AB235A0CE4006BBABC = {
			isa = PBXGroup;
			children = (
				FCA925B6235A0CE4006BBABC /* Contacts */,
				FCA925B5235A0CE4006BBABC /* Products */,
				FCA925CC235A0D02006BBABC /* Frameworks */,
			);
			sourceTree = "<group>";
		};
		FCA925B5235A0CE4006BBABC /* Products */ = {
			isa = PBXGroup;
			children = (
				FCA925B4235A0CE4006BBABC /* Contacts.app */,
			);
			name = Products;
			sourceTree = "<group>";
		};
		FCA925B6235A0CE4006BBABC /* Contacts */ = {
			isa = PBXGroup;
			children = (
				FCA925D1235A0D71006BBABC /* Models */,
				FCA925D0235A0D6D006BBABC /* Controllers */,
				FCA925CF235A0D66006BBABC /* Views */,
				FCA925CB235A0CFE006BBABC /* Contacts.entitlements */,
				FCA925D2235A0D79006BBABC /* Supporting Files */,
			);
			path = Contacts;
			sourceTree = "<group>";
		};
		FCA925CC235A0D02006BBABC /* Frameworks */ = {
			isa = PBXGroup;
			children = (
				FCA925CD235A0D02006BBABC /* CloudKit.framework */,
			);
			name = Frameworks;
			sourceTree = "<group>";
		};
		FCA925CF235A0D66006BBABC /* Views */ = {
			isa = PBXGroup;
			children = (
				FCA925DF235A2B4B006BBABC /* Storyboards */,
			);
			path = Views;
			sourceTree = "<group>";
		};
		FCA925D0235A0D6D006BBABC /* Controllers */ = {
			isa = PBXGroup;
			children = (
				FCA925D7235A11A1006BBABC /* Model Controllers */,
				FCA925DA235A1655006BBABC /* View Controllers */,
			);
			path = Controllers;
			sourceTree = "<group>";
		};
		FCA925D1235A0D71006BBABC /* Models */ = {
			isa = PBXGroup;
			children = (
				FCA925D3235A0DF8006BBABC /* Contact.swift */,
				FCA925D5235A0F72006BBABC /* CKRecordExtension.swift */,
			);
			path = Models;
			sourceTree = "<group>";
		};
		FCA925D2235A0D79006BBABC /* Supporting Files */ = {
			isa = PBXGroup;
			children = (
				FCA925B7235A0CE4006BBABC /* AppDelegate.swift */,
				FCA925B9235A0CE4006BBABC /* SceneDelegate.swift */,
				FCA925C0235A0CEB006BBABC /* Assets.xcassets */,
				FCA925C2235A0CEB006BBABC /* LaunchScreen.storyboard */,
				FCA925C5235A0CEB006BBABC /* Info.plist */,
			);
			name = "Supporting Files";
			sourceTree = "<group>";
		};
		FCA925D7235A11A1006BBABC /* Model Controllers */ = {
			isa = PBXGroup;
			children = (
				FCA925D8235A11AD006BBABC /* ContactController.swift */,
			);
			path = "Model Controllers";
			sourceTree = "<group>";
		};
		FCA925DA235A1655006BBABC /* View Controllers */ = {
			isa = PBXGroup;
			children = (
				FCA925DB235A168A006BBABC /* ContactListTableViewController.swift */,
				FCA925DD235A17EF006BBABC /* ContactDetailViewController.swift */,
			);
			path = "View Controllers";
			sourceTree = "<group>";
		};
		FCA925DF235A2B4B006BBABC /* Storyboards */ = {
			isa = PBXGroup;
			children = (
				FCA925BD235A0CE4006BBABC /* Main.storyboard */,
			);
			path = Storyboards;
			sourceTree = "<group>";
		};
/* End PBXGroup section */

/* Begin PBXNativeTarget section */
		FCA925B3235A0CE4006BBABC /* Contacts */ = {
			isa = PBXNativeTarget;
			buildConfigurationList = FCA925C8235A0CEB006BBABC /* Build configuration list for PBXNativeTarget "Contacts" */;
			buildPhases = (
				FCA925B0235A0CE4006BBABC /* Sources */,
				FCA925B1235A0CE4006BBABC /* Frameworks */,
				FCA925B2235A0CE4006BBABC /* Resources */,
			);
			buildRules = (
			);
			dependencies = (
			);
			name = Contacts;
			productName = Contacts;
			productReference = FCA925B4235A0CE4006BBABC /* Contacts.app */;
			productType = "com.apple.product-type.application";
		};
/* End PBXNativeTarget section */

/* Begin PBXProject section */
		FCA925AC235A0CE4006BBABC /* Project object */ = {
			isa = PBXProject;
			attributes = {
				LastSwiftUpdateCheck = 1100;
				LastUpgradeCheck = 1100;
				ORGANIZATIONNAME = "Bethany Bellio";
				TargetAttributes = {
					FCA925B3235A0CE4006BBABC = {
						CreatedOnToolsVersion = 11.0;
					};
				};
			};
			buildConfigurationList = FCA925AF235A0CE4006BBABC /* Build configuration list for PBXProject "Contacts" */;
			compatibilityVersion = "Xcode 9.3";
			developmentRegion = en;
			hasScannedForEncodings = 0;
			knownRegions = (
				en,
				Base,
			);
			mainGroup = FCA925AB235A0CE4006BBABC;
			productRefGroup = FCA925B5235A0CE4006BBABC /* Products */;
			projectDirPath = "";
			projectRoot = "";
			targets = (
				FCA925B3235A0CE4006BBABC /* Contacts */,
			);
		};
/* End PBXProject section */

/* Begin PBXResourcesBuildPhase section */
		FCA925B2235A0CE4006BBABC /* Resources */ = {
			isa = PBXResourcesBuildPhase;
			buildActionMask = 2147483647;
			files = (
				FCA925C4235A0CEB006BBABC /* LaunchScreen.storyboard in Resources */,
				FCA925C1235A0CEB006BBABC /* Assets.xcassets in Resources */,
				FCA925BF235A0CE4006BBABC /* Main.storyboard in Resources */,
			);
			runOnlyForDeploymentPostprocessing = 0;
		};
/* End PBXResourcesBuildPhase section */

/* Begin PBXSourcesBuildPhase section */
		FCA925B0235A0CE4006BBABC /* Sources */ = {
			isa = PBXSourcesBuildPhase;
			buildActionMask = 2147483647;
			files = (
				FCA925DC235A168A006BBABC /* ContactListTableViewController.swift in Sources */,
				FCA925D6235A0F72006BBABC /* CKRecordExtension.swift in Sources */,
				FCA925D9235A11AD006BBABC /* ContactController.swift in Sources */,
				FCA925DE235A17EF006BBABC /* ContactDetailViewController.swift in Sources */,
				FCA925D4235A0DF8006BBABC /* Contact.swift in Sources */,
				FCA925B8235A0CE4006BBABC /* AppDelegate.swift in Sources */,
				FCA925BA235A0CE4006BBABC /* SceneDelegate.swift in Sources */,
			);
			runOnlyForDeploymentPostprocessing = 0;
		};
/* End PBXSourcesBuildPhase section */

/* Begin PBXVariantGroup section */
		FCA925BD235A0CE4006BBABC /* Main.storyboard */ = {
			isa = PBXVariantGroup;
			children = (
				FCA925BE235A0CE4006BBABC /* Base */,
			);
			name = Main.storyboard;
			sourceTree = "<group>";
		};
		FCA925C2235A0CEB006BBABC /* LaunchScreen.storyboard */ = {
			isa = PBXVariantGroup;
			children = (
				FCA925C3235A0CEB006BBABC /* Base */,
			);
			name = LaunchScreen.storyboard;
			sourceTree = "<group>";
		};
/* End PBXVariantGroup section */

/* Begin XCBuildConfiguration section */
		FCA925C6235A0CEB006BBABC /* Debug */ = {
			isa = XCBuildConfiguration;
			buildSettings = {
				ALWAYS_SEARCH_USER_PATHS = NO;
				CLANG_ANALYZER_NONNULL = YES;
				CLANG_ANALYZER_NUMBER_OBJECT_CONVERSION = YES_AGGRESSIVE;
				CLANG_CXX_LANGUAGE_STANDARD = "gnu++14";
				CLANG_CXX_LIBRARY = "libc++";
				CLANG_ENABLE_MODULES = YES;
				CLANG_ENABLE_OBJC_ARC = YES;
				CLANG_ENABLE_OBJC_WEAK = YES;
				CLANG_WARN_BLOCK_CAPTURE_AUTORELEASING = YES;
				CLANG_WARN_BOOL_CONVERSION = YES;
				CLANG_WARN_COMMA = YES;
				CLANG_WARN_CONSTANT_CONVERSION = YES;
				CLANG_WARN_DEPRECATED_OBJC_IMPLEMENTATIONS = YES;
				CLANG_WARN_DIRECT_OBJC_ISA_USAGE = YES_ERROR;
				CLANG_WARN_DOCUMENTATION_COMMENTS = YES;
				CLANG_WARN_EMPTY_BODY = YES;
				CLANG_WARN_ENUM_CONVERSION = YES;
				CLANG_WARN_INFINITE_RECURSION = YES;
				CLANG_WARN_INT_CONVERSION = YES;
				CLANG_WARN_NON_LITERAL_NULL_CONVERSION = YES;
				CLANG_WARN_OBJC_IMPLICIT_RETAIN_SELF = YES;
				CLANG_WARN_OBJC_LITERAL_CONVERSION = YES;
				CLANG_WARN_OBJC_ROOT_CLASS = YES_ERROR;
				CLANG_WARN_RANGE_LOOP_ANALYSIS = YES;
				CLANG_WARN_STRICT_PROTOTYPES = YES;
				CLANG_WARN_SUSPICIOUS_MOVE = YES;
				CLANG_WARN_UNGUARDED_AVAILABILITY = YES_AGGRESSIVE;
				CLANG_WARN_UNREACHABLE_CODE = YES;
				CLANG_WARN__DUPLICATE_METHOD_MATCH = YES;
				COPY_PHASE_STRIP = NO;
				DEBUG_INFORMATION_FORMAT = dwarf;
				ENABLE_STRICT_OBJC_MSGSEND = YES;
				ENABLE_TESTABILITY = YES;
				GCC_C_LANGUAGE_STANDARD = gnu11;
				GCC_DYNAMIC_NO_PIC = NO;
				GCC_NO_COMMON_BLOCKS = YES;
				GCC_OPTIMIZATION_LEVEL = 0;
				GCC_PREPROCESSOR_DEFINITIONS = (
					"DEBUG=1",
					"$(inherited)",
				);
				GCC_WARN_64_TO_32_BIT_CONVERSION = YES;
				GCC_WARN_ABOUT_RETURN_TYPE = YES_ERROR;
				GCC_WARN_UNDECLARED_SELECTOR = YES;
				GCC_WARN_UNINITIALIZED_AUTOS = YES_AGGRESSIVE;
				GCC_WARN_UNUSED_FUNCTION = YES;
				GCC_WARN_UNUSED_VARIABLE = YES;
				IPHONEOS_DEPLOYMENT_TARGET = 13.0;
				MTL_ENABLE_DEBUG_INFO = INCLUDE_SOURCE;
				MTL_FAST_MATH = YES;
				ONLY_ACTIVE_ARCH = YES;
				SDKROOT = iphoneos;
				SWIFT_ACTIVE_COMPILATION_CONDITIONS = DEBUG;
				SWIFT_OPTIMIZATION_LEVEL = "-Onone";
			};
			name = Debug;
		};
		FCA925C7235A0CEB006BBABC /* Release */ = {
			isa = XCBuildConfiguration;
			buildSettings = {
				ALWAYS_SEARCH_USER_PATHS = NO;
				CLANG_ANALYZER_NONNULL = YES;
				CLANG_ANALYZER_NUMBER_OBJECT_CONVERSION = YES_AGGRESSIVE;
				CLANG_CXX_LANGUAGE_STANDARD = "gnu++14";
				CLANG_CXX_LIBRARY = "libc++";
				CLANG_ENABLE_MODULES = YES;
				CLANG_ENABLE_OBJC_ARC = YES;
				CLANG_ENABLE_OBJC_WEAK = YES;
				CLANG_WARN_BLOCK_CAPTURE_AUTORELEASING = YES;
				CLANG_WARN_BOOL_CONVERSION = YES;
				CLANG_WARN_COMMA = YES;
				CLANG_WARN_CONSTANT_CONVERSION = YES;
				CLANG_WARN_DEPRECATED_OBJC_IMPLEMENTATIONS = YES;
				CLANG_WARN_DIRECT_OBJC_ISA_USAGE = YES_ERROR;
				CLANG_WARN_DOCUMENTATION_COMMENTS = YES;
				CLANG_WARN_EMPTY_BODY = YES;
				CLANG_WARN_ENUM_CONVERSION = YES;
				CLANG_WARN_INFINITE_RECURSION = YES;
				CLANG_WARN_INT_CONVERSION = YES;
				CLANG_WARN_NON_LITERAL_NULL_CONVERSION = YES;
				CLANG_WARN_OBJC_IMPLICIT_RETAIN_SELF = YES;
				CLANG_WARN_OBJC_LITERAL_CONVERSION = YES;
				CLANG_WARN_OBJC_ROOT_CLASS = YES_ERROR;
				CLANG_WARN_RANGE_LOOP_ANALYSIS = YES;
				CLANG_WARN_STRICT_PROTOTYPES = YES;
				CLANG_WARN_SUSPICIOUS_MOVE = YES;
				CLANG_WARN_UNGUARDED_AVAILABILITY = YES_AGGRESSIVE;
				CLANG_WARN_UNREACHABLE_CODE = YES;
				CLANG_WARN__DUPLICATE_METHOD_MATCH = YES;
				COPY_PHASE_STRIP = NO;
				DEBUG_INFORMATION_FORMAT = "dwarf-with-dsym";
				ENABLE_NS_ASSERTIONS = NO;
				ENABLE_STRICT_OBJC_MSGSEND = YES;
				GCC_C_LANGUAGE_STANDARD = gnu11;
				GCC_NO_COMMON_BLOCKS = YES;
				GCC_WARN_64_TO_32_BIT_CONVERSION = YES;
				GCC_WARN_ABOUT_RETURN_TYPE = YES_ERROR;
				GCC_WARN_UNDECLARED_SELECTOR = YES;
				GCC_WARN_UNINITIALIZED_AUTOS = YES_AGGRESSIVE;
				GCC_WARN_UNUSED_FUNCTION = YES;
				GCC_WARN_UNUSED_VARIABLE = YES;
				IPHONEOS_DEPLOYMENT_TARGET = 13.0;
				MTL_ENABLE_DEBUG_INFO = NO;
				MTL_FAST_MATH = YES;
				SDKROOT = iphoneos;
				SWIFT_COMPILATION_MODE = wholemodule;
				SWIFT_OPTIMIZATION_LEVEL = "-O";
				VALIDATE_PRODUCT = YES;
			};
			name = Release;
		};
		FCA925C9235A0CEB006BBABC /* Debug */ = {
			isa = XCBuildConfiguration;
			buildSettings = {
				ASSETCATALOG_COMPILER_APPICON_NAME = AppIcon;
				CODE_SIGN_ENTITLEMENTS = Contacts/Contacts.entitlements;
				CODE_SIGN_STYLE = Automatic;
				DEVELOPMENT_TEAM = D3HMKK2YAV;
				INFOPLIST_FILE = Contacts/Info.plist;
				LD_RUNPATH_SEARCH_PATHS = (
					"$(inherited)",
					"@executable_path/Frameworks",
				);
				PRODUCT_BUNDLE_IDENTIFIER = com.BethanyBellio.Contacts;
				PRODUCT_NAME = "$(TARGET_NAME)";
				SWIFT_VERSION = 5.0;
				TARGETED_DEVICE_FAMILY = "1,2";
			};
			name = Debug;
		};
		FCA925CA235A0CEB006BBABC /* Release */ = {
			isa = XCBuildConfiguration;
			buildSettings = {
				ASSETCATALOG_COMPILER_APPICON_NAME = AppIcon;
				CODE_SIGN_ENTITLEMENTS = Contacts/Contacts.entitlements;
				CODE_SIGN_STYLE = Automatic;
				DEVELOPMENT_TEAM = D3HMKK2YAV;
				INFOPLIST_FILE = Contacts/Info.plist;
				LD_RUNPATH_SEARCH_PATHS = (
					"$(inherited)",
					"@executable_path/Frameworks",
				);
				PRODUCT_BUNDLE_IDENTIFIER = com.BethanyBellio.Contacts;
				PRODUCT_NAME = "$(TARGET_NAME)";
				SWIFT_VERSION = 5.0;
				TARGETED_DEVICE_FAMILY = "1,2";
			};
			name = Release;
		};
/* End XCBuildConfiguration section */

/* Begin XCConfigurationList section */
		FCA925AF235A0CE4006BBABC /* Build configuration list for PBXProject "Contacts" */ = {
			isa = XCConfigurationList;
			buildConfigurations = (
				FCA925C6235A0CEB006BBABC /* Debug */,
				FCA925C7235A0CEB006BBABC /* Release */,
			);
			defaultConfigurationIsVisible = 0;
			defaultConfigurationName = Release;
		};
		FCA925C8235A0CEB006BBABC /* Build configuration list for PBXNativeTarget "Contacts" */ = {
			isa = XCConfigurationList;
			buildConfigurations = (
				FCA925C9235A0CEB006BBABC /* Debug */,
				FCA925CA235A0CEB006BBABC /* Release */,
			);
			defaultConfigurationIsVisible = 0;
			defaultConfigurationName = Release;
		};
/* End XCConfigurationList section */
	};
	rootObject = FCA925AC235A0CE4006BBABC /* Project object */;
}
